
Microsoft Visual Studio Solution File, Format Version 12.00
# Visual Studio Version 17
VisualStudioVersion = 17.8.34330.188
MinimumVisualStudioVersion = 10.0.40219.1
Project("{9A19103F-16F7-4668-BE54-9A1E7A4F7556}") = "MyApp", "MyApp\MyApp.csproj", "{17F7BF51-5186-48F3-97C6-CF36CD67EA53}"
EndProject
Project("{9A19103F-16F7-4668-BE54-9A1E7A4F7556}") = "User.Management.Service", "User.Management.Service\User.Management.Service.csproj", "{D31642C8-099F-47DE-8BBE-3EF96D21D688}"
EndProject
Project("{FAE04EC0-301F-11D3-BF4B-00C04F79EFBC}") = "User.Management.Data", "User.Management.Data\User.Management.Data.csproj", "{92D13FA3-1E23-4A32-87C3-947760DD9C84}"
EndProject
Global
	GlobalSection(SolutionConfigurationPlatforms) = preSolution
		Debug|Any CPU = Debug|Any CPU
		Release|Any CPU = Release|Any CPU
	EndGlobalSection
	GlobalSection(ProjectConfigurationPlatforms) = postSolution
		{17F7BF51-5186-48F3-97C6-CF36CD67EA53}.Debug|Any CPU.ActiveCfg = Debug|Any CPU
		{17F7BF51-5186-48F3-97C6-CF36CD67EA53}.Debug|Any CPU.Build.0 = Debug|Any CPU
		{17F7BF51-5186-48F3-97C6-CF36CD67EA53}.Release|Any CPU.ActiveCfg = Release|Any CPU
		{17F7BF51-5186-48F3-97C6-CF36CD67EA53}.Release|Any CPU.Build.0 = Release|Any CPU
		{D31642C8-099F-47DE-8BBE-3EF96D21D688}.Debug|Any CPU.ActiveCfg = Debug|Any CPU
		{D31642C8-099F-47DE-8BBE-3EF96D21D688}.Debug|Any CPU.Build.0 = Debug|Any CPU
		{D31642C8-099F-47DE-8BBE-3EF96D21D688}.Release|Any CPU.ActiveCfg = Release|Any CPU
		{D31642C8-099F-47DE-8BBE-3EF96D21D688}.Release|Any CPU.Build.0 = Release|Any CPU
		{92D13FA3-1E23-4A32-87C3-947760DD9C84}.Debug|Any CPU.ActiveCfg = Debug|Any CPU
		{92D13FA3-1E23-4A32-87C3-947760DD9C84}.Debug|Any CPU.Build.0 = Debug|Any CPU
		{92D13FA3-1E23-4A32-87C3-947760DD9C84}.Release|Any CPU.ActiveCfg = Release|Any CPU
		{92D13FA3-1E23-4A32-87C3-947760DD9C84}.Release|Any CPU.Build.0 = Release|Any CPU
	EndGlobalSection
	GlobalSection(SolutionProperties) = preSolution
		HideSolutionNode = FALSE
	EndGlobalSection
	GlobalSection(ExtensibilityGlobals) = postSolution
		SolutionGuid = {EE2D66E9-67BD-4581-9B25-D4E7B57AC68C}
	EndGlobalSection
EndGlobal
